{
  "nodes": {
    "nixpkgs": {
      "locked": {
        "lastModified": 1759381078,
        "narHash": "sha256-gTrEEp5gEspIcCOx9PD8kMaF1iEmfBcTbO0Jag2QhQs=",
        "owner": "nixos",
        "repo": "nixpkgs",
        "rev": "7df7ff7d8e00218376575f0acdcc5d66741351ee",
        "type": "github"
      },
      "original": {
        "owner": "nixos",
        "ref": "nixos-unstable",
        "repo": "nixpkgs",
        "type": "github"
      }
    },
    "privacy": {
      "flake": false,
      "locked": {
        "lastModified": 1760723522,
        "narHash": "sha256-631otEi2GNOOhdTyuFWYgOzUCi/GoXhselMwBeRvo6k=",
        "ref": "refs/heads/main",
        "rev": "a68a41ce1a90752eb6909750a70bf64469d86eba",
        "revCount": 1,
        "type": "git",
        "url": "ssh://git@github.com/Daniel-De-Dev/nixos-privacy.git"
      },
      "original": {
        "type": "git",
        "url": "ssh://git@github.com/Daniel-De-Dev/nixos-privacy.git"
      }
    },
    "root": {
      "inputs": {
        "nixpkgs": "nixpkgs",
        "privacy": "privacy"
      }
    }
  },
  "root": "root",
  "version": 7
}
